
Microsoft Visual Studio Solution File, Format Version 12.00
# Visual Studio 15
VisualStudioVersion = 15.0.26228.4
MinimumVisualStudioVersion = 10.0.40219.1
Project("{FAE04EC0-301F-11D3-BF4B-00C04F79EFBC}") = "FSPCL.Android", "FSPCL\FSPCL.Android\FSPCL.Android.csproj", "{20D43254-8602-4679-8CFC-6E87BE591657}"
EndProject
Project("{FAE04EC0-301F-11D3-BF4B-00C04F79EFBC}") = "FSPCLCS", "FSPCL\FSPCL\FSPCLCS.csproj", "{E19299E9-969D-4E15-BA4E-DBD7CAA01C67}"
EndProject
Project("{FAE04EC0-301F-11D3-BF4B-00C04F79EFBC}") = "FSPCL.iOS", "FSPCL\FSPCL.iOS\FSPCL.iOS.csproj", "{E35C9DD8-F996-4C64-832C-DBFC5B503D04}"
EndProject
Project("{F2A71F9B-5D33-465A-A702-920D77279786}") = "FSPCLFS", "FSPCLFS\FSPCLFS.fsproj", "{5E938EE3-DECA-404B-A40F-1B85E819E6D0}"
EndProject
Project("{2150E333-8FDC-42A3-9474-1A3956D46DE8}") = "Solution Items", "Solution Items", "{1DB65C8B-A3F3-4853-9675-7D1BDB090DFD}"
	ProjectSection(SolutionItems) = preProject
		LICENSE.txt = LICENSE.txt
	EndProjectSection
EndProject
Global
	GlobalSection(SolutionConfigurationPlatforms) = preSolution
		Ad-Hoc|Any CPU = Ad-Hoc|Any CPU
		Ad-Hoc|ARM = Ad-Hoc|ARM
		Ad-Hoc|iPhone = Ad-Hoc|iPhone
		Ad-Hoc|iPhoneSimulator = Ad-Hoc|iPhoneSimulator
		Ad-Hoc|x64 = Ad-Hoc|x64
		Ad-Hoc|x86 = Ad-Hoc|x86
		AppStore|Any CPU = AppStore|Any CPU
		AppStore|ARM = AppStore|ARM
		AppStore|iPhone = AppStore|iPhone
		AppStore|iPhoneSimulator = AppStore|iPhoneSimulator
		AppStore|x64 = AppStore|x64
		AppStore|x86 = AppStore|x86
		Debug|Any CPU = Debug|Any CPU
		Debug|ARM = Debug|ARM
		Debug|iPhone = Debug|iPhone
		Debug|iPhoneSimulator = Debug|iPhoneSimulator
		Debug|x64 = Debug|x64
		Debug|x86 = Debug|x86
		Release|Any CPU = Release|Any CPU
		Release|ARM = Release|ARM
		Release|iPhone = Release|iPhone
		Release|iPhoneSimulator = Release|iPhoneSimulator
		Release|x64 = Release|x64
		Release|x86 = Release|x86
	EndGlobalSection
	GlobalSection(ProjectConfigurationPlatforms) = postSolution
		{20D43254-8602-4679-8CFC-6E87BE591657}.Ad-Hoc|Any CPU.ActiveCfg = Release|Any CPU
		{20D43254-8602-4679-8CFC-6E87BE591657}.Ad-Hoc|Any CPU.Build.0 = Release|Any CPU
		{20D43254-8602-4679-8CFC-6E87BE591657}.Ad-Hoc|Any CPU.Deploy.0 = Release|Any CPU
		{20D43254-8602-4679-8CFC-6E87BE591657}.Ad-Hoc|ARM.ActiveCfg = Release|Any CPU
		{20D43254-8602-4679-8CFC-6E87BE591657}.Ad-Hoc|ARM.Build.0 = Release|Any CPU
		{20D43254-8602-4679-8CFC-6E87BE591657}.Ad-Hoc|ARM.Deploy.0 = Release|Any CPU
		{20D43254-8602-4679-8CFC-6E87BE591657}.Ad-Hoc|iPhone.ActiveCfg = Release|Any CPU
		{20D43254-8602-4679-8CFC-6E87BE591657}.Ad-Hoc|iPhone.Build.0 = Release|Any CPU
		{20D43254-8602-4679-8CFC-6E87BE591657}.Ad-Hoc|iPhone.Deploy.0 = Release|Any CPU
		{20D43254-8602-4679-8CFC-6E87BE591657}.Ad-Hoc|iPhoneSimulator.ActiveCfg = Release|Any CPU
		{20D43254-8602-4679-8CFC-6E87BE591657}.Ad-Hoc|iPhoneSimulator.Build.0 = Release|Any CPU
		{20D43254-8602-4679-8CFC-6E87BE591657}.Ad-Hoc|iPhoneSimulator.Deploy.0 = Release|Any CPU
		{20D43254-8602-4679-8CFC-6E87BE591657}.Ad-Hoc|x64.ActiveCfg = Release|Any CPU
		{20D43254-8602-4679-8CFC-6E87BE591657}.Ad-Hoc|x64.Build.0 = Release|Any CPU
		{20D43254-8602-4679-8CFC-6E87BE591657}.Ad-Hoc|x64.Deploy.0 = Release|Any CPU
		{20D43254-8602-4679-8CFC-6E87BE591657}.Ad-Hoc|x86.ActiveCfg = Release|Any CPU
		{20D43254-8602-4679-8CFC-6E87BE591657}.Ad-Hoc|x86.Build.0 = Release|Any CPU
		{20D43254-8602-4679-8CFC-6E87BE591657}.Ad-Hoc|x86.Deploy.0 = Release|Any CPU
		{20D43254-8602-4679-8CFC-6E87BE591657}.AppStore|Any CPU.ActiveCfg = Release|Any CPU
		{20D43254-8602-4679-8CFC-6E87BE591657}.AppStore|Any CPU.Build.0 = Release|Any CPU
		{20D43254-8602-4679-8CFC-6E87BE591657}.AppStore|Any CPU.Deploy.0 = Release|Any CPU
		{20D43254-8602-4679-8CFC-6E87BE591657}.AppStore|ARM.ActiveCfg = Release|Any CPU
		{20D43254-8602-4679-8CFC-6E87BE591657}.AppStore|ARM.Build.0 = Release|Any CPU
		{20D43254-8602-4679-8CFC-6E87BE591657}.AppStore|ARM.Deploy.0 = Release|Any CPU
		{20D43254-8602-4679-8CFC-6E87BE591657}.AppStore|iPhone.ActiveCfg = Release|Any CPU
		{20D43254-8602-4679-8CFC-6E87BE591657}.AppStore|iPhone.Build.0 = Release|Any CPU
		{20D43254-8602-4679-8CFC-6E87BE591657}.AppStore|iPhone.Deploy.0 = Release|Any CPU
		{20D43254-8602-4679-8CFC-6E87BE591657}.AppStore|iPhoneSimulator.ActiveCfg = Release|Any CPU
		{20D43254-8602-4679-8CFC-6E87BE591657}.AppStore|iPhoneSimulator.Build.0 = Release|Any CPU
		{20D43254-8602-4679-8CFC-6E87BE591657}.AppStore|iPhoneSimulator.Deploy.0 = Release|Any CPU
		{20D43254-8602-4679-8CFC-6E87BE591657}.AppStore|x64.ActiveCfg = Release|Any CPU
		{20D43254-8602-4679-8CFC-6E87BE591657}.AppStore|x64.Build.0 = Release|Any CPU
		{20D43254-8602-4679-8CFC-6E87BE591657}.AppStore|x64.Deploy.0 = Release|Any CPU
		{20D43254-8602-4679-8CFC-6E87BE591657}.AppStore|x86.ActiveCfg = Release|Any CPU
		{20D43254-8602-4679-8CFC-6E87BE591657}.AppStore|x86.Build.0 = Release|Any CPU
		{20D43254-8602-4679-8CFC-6E87BE591657}.AppStore|x86.Deploy.0 = Release|Any CPU
		{20D43254-8602-4679-8CFC-6E87BE591657}.Debug|Any CPU.ActiveCfg = Debug|Any CPU
		{20D43254-8602-4679-8CFC-6E87BE591657}.Debug|Any CPU.Build.0 = Debug|Any CPU
		{20D43254-8602-4679-8CFC-6E87BE591657}.Debug|Any CPU.Deploy.0 = Debug|Any CPU
		{20D43254-8602-4679-8CFC-6E87BE591657}.Debug|ARM.ActiveCfg = Debug|Any CPU
		{20D43254-8602-4679-8CFC-6E87BE591657}.Debug|ARM.Build.0 = Debug|Any CPU
		{20D43254-8602-4679-8CFC-6E87BE591657}.Debug|ARM.Deploy.0 = Debug|Any CPU
		{20D43254-8602-4679-8CFC-6E87BE591657}.Debug|iPhone.ActiveCfg = Debug|Any CPU
		{20D43254-8602-4679-8CFC-6E87BE591657}.Debug|iPhone.Build.0 = Debug|Any CPU
		{20D43254-8602-4679-8CFC-6E87BE591657}.Debug|iPhone.Deploy.0 = Debug|Any CPU
		{20D43254-8602-4679-8CFC-6E87BE591657}.Debug|iPhoneSimulator.ActiveCfg = Debug|Any CPU
		{20D43254-8602-4679-8CFC-6E87BE591657}.Debug|iPhoneSimulator.Build.0 = Debug|Any CPU
		{20D43254-8602-4679-8CFC-6E87BE591657}.Debug|iPhoneSimulator.Deploy.0 = Debug|Any CPU
		{20D43254-8602-4679-8CFC-6E87BE591657}.Debug|x64.ActiveCfg = Debug|Any CPU
		{20D43254-8602-4679-8CFC-6E87BE591657}.Debug|x64.Build.0 = Debug|Any CPU
		{20D43254-8602-4679-8CFC-6E87BE591657}.Debug|x64.Deploy.0 = Debug|Any CPU
		{20D43254-8602-4679-8CFC-6E87BE591657}.Debug|x86.ActiveCfg = Debug|Any CPU
		{20D43254-8602-4679-8CFC-6E87BE591657}.Debug|x86.Build.0 = Debug|Any CPU
		{20D43254-8602-4679-8CFC-6E87BE591657}.Debug|x86.Deploy.0 = Debug|Any CPU
		{20D43254-8602-4679-8CFC-6E87BE591657}.Release|Any CPU.ActiveCfg = Release|Any CPU
		{20D43254-8602-4679-8CFC-6E87BE591657}.Release|Any CPU.Build.0 = Release|Any CPU
		{20D43254-8602-4679-8CFC-6E87BE591657}.Release|Any CPU.Deploy.0 = Release|Any CPU
		{20D43254-8602-4679-8CFC-6E87BE591657}.Release|ARM.ActiveCfg = Release|Any CPU
		{20D43254-8602-4679-8CFC-6E87BE591657}.Release|ARM.Build.0 = Release|Any CPU
		{20D43254-8602-4679-8CFC-6E87BE591657}.Release|ARM.Deploy.0 = Release|Any CPU
		{20D43254-8602-4679-8CFC-6E87BE591657}.Release|iPhone.ActiveCfg = Release|Any CPU
		{20D43254-8602-4679-8CFC-6E87BE591657}.Release|iPhone.Build.0 = Release|Any CPU
		{20D43254-8602-4679-8CFC-6E87BE591657}.Release|iPhone.Deploy.0 = Release|Any CPU
		{20D43254-8602-4679-8CFC-6E87BE591657}.Release|iPhoneSimulator.ActiveCfg = Release|Any CPU
		{20D43254-8602-4679-8CFC-6E87BE591657}.Release|iPhoneSimulator.Build.0 = Release|Any CPU
		{20D43254-8602-4679-8CFC-6E87BE591657}.Release|iPhoneSimulator.Deploy.0 = Release|Any CPU
		{20D43254-8602-4679-8CFC-6E87BE591657}.Release|x64.ActiveCfg = Release|Any CPU
		{20D43254-8602-4679-8CFC-6E87BE591657}.Release|x64.Build.0 = Release|Any CPU
		{20D43254-8602-4679-8CFC-6E87BE591657}.Release|x64.Deploy.0 = Release|Any CPU
		{20D43254-8602-4679-8CFC-6E87BE591657}.Release|x86.ActiveCfg = Release|Any CPU
		{20D43254-8602-4679-8CFC-6E87BE591657}.Release|x86.Build.0 = Release|Any CPU
		{20D43254-8602-4679-8CFC-6E87BE591657}.Release|x86.Deploy.0 = Release|Any CPU
		{E19299E9-969D-4E15-BA4E-DBD7CAA01C67}.Ad-Hoc|Any CPU.ActiveCfg = Release|Any CPU
		{E19299E9-969D-4E15-BA4E-DBD7CAA01C67}.Ad-Hoc|Any CPU.Build.0 = Release|Any CPU
		{E19299E9-969D-4E15-BA4E-DBD7CAA01C67}.Ad-Hoc|ARM.ActiveCfg = Release|Any CPU
		{E19299E9-969D-4E15-BA4E-DBD7CAA01C67}.Ad-Hoc|ARM.Build.0 = Release|Any CPU
		{E19299E9-969D-4E15-BA4E-DBD7CAA01C67}.Ad-Hoc|iPhone.ActiveCfg = Release|Any CPU
		{E19299E9-969D-4E15-BA4E-DBD7CAA01C67}.Ad-Hoc|iPhone.Build.0 = Release|Any CPU
		{E19299E9-969D-4E15-BA4E-DBD7CAA01C67}.Ad-Hoc|iPhoneSimulator.ActiveCfg = Release|Any CPU
		{E19299E9-969D-4E15-BA4E-DBD7CAA01C67}.Ad-Hoc|iPhoneSimulator.Build.0 = Release|Any CPU
		{E19299E9-969D-4E15-BA4E-DBD7CAA01C67}.Ad-Hoc|x64.ActiveCfg = Release|Any CPU
		{E19299E9-969D-4E15-BA4E-DBD7CAA01C67}.Ad-Hoc|x64.Build.0 = Release|Any CPU
		{E19299E9-969D-4E15-BA4E-DBD7CAA01C67}.Ad-Hoc|x86.ActiveCfg = Release|Any CPU
		{E19299E9-969D-4E15-BA4E-DBD7CAA01C67}.Ad-Hoc|x86.Build.0 = Release|Any CPU
		{E19299E9-969D-4E15-BA4E-DBD7CAA01C67}.AppStore|Any CPU.ActiveCfg = Release|Any CPU
		{E19299E9-969D-4E15-BA4E-DBD7CAA01C67}.AppStore|Any CPU.Build.0 = Release|Any CPU
		{E19299E9-969D-4E15-BA4E-DBD7CAA01C67}.AppStore|ARM.ActiveCfg = Release|Any CPU
		{E19299E9-969D-4E15-BA4E-DBD7CAA01C67}.AppStore|ARM.Build.0 = Release|Any CPU
		{E19299E9-969D-4E15-BA4E-DBD7CAA01C67}.AppStore|iPhone.ActiveCfg = Release|Any CPU
		{E19299E9-969D-4E15-BA4E-DBD7CAA01C67}.AppStore|iPhone.Build.0 = Release|Any CPU
		{E19299E9-969D-4E15-BA4E-DBD7CAA01C67}.AppStore|iPhoneSimulator.ActiveCfg = Release|Any CPU
		{E19299E9-969D-4E15-BA4E-DBD7CAA01C67}.AppStore|iPhoneSimulator.Build.0 = Release|Any CPU
		{E19299E9-969D-4E15-BA4E-DBD7CAA01C67}.AppStore|x64.ActiveCfg = Release|Any CPU
		{E19299E9-969D-4E15-BA4E-DBD7CAA01C67}.AppStore|x64.Build.0 = Release|Any CPU
		{E19299E9-969D-4E15-BA4E-DBD7CAA01C67}.AppStore|x86.ActiveCfg = Release|Any CPU
		{E19299E9-969D-4E15-BA4E-DBD7CAA01C67}.AppStore|x86.Build.0 = Release|Any CPU
		{E19299E9-969D-4E15-BA4E-DBD7CAA01C67}.Debug|Any CPU.ActiveCfg = Debug|Any CPU
		{E19299E9-969D-4E15-BA4E-DBD7CAA01C67}.Debug|Any CPU.Build.0 = Debug|Any CPU
		{E19299E9-969D-4E15-BA4E-DBD7CAA01C67}.Debug|ARM.ActiveCfg = Debug|Any CPU
		{E19299E9-969D-4E15-BA4E-DBD7CAA01C67}.Debug|ARM.Build.0 = Debug|Any CPU
		{E19299E9-969D-4E15-BA4E-DBD7CAA01C67}.Debug|iPhone.ActiveCfg = Debug|Any CPU
		{E19299E9-969D-4E15-BA4E-DBD7CAA01C67}.Debug|iPhone.Build.0 = Debug|Any CPU
		{E19299E9-969D-4E15-BA4E-DBD7CAA01C67}.Debug|iPhoneSimulator.ActiveCfg = Debug|Any CPU
		{E19299E9-969D-4E15-BA4E-DBD7CAA01C67}.Debug|iPhoneSimulator.Build.0 = Debug|Any CPU
		{E19299E9-969D-4E15-BA4E-DBD7CAA01C67}.Debug|x64.ActiveCfg = Debug|Any CPU
		{E19299E9-969D-4E15-BA4E-DBD7CAA01C67}.Debug|x64.Build.0 = Debug|Any CPU
		{E19299E9-969D-4E15-BA4E-DBD7CAA01C67}.Debug|x86.ActiveCfg = Debug|Any CPU
		{E19299E9-969D-4E15-BA4E-DBD7CAA01C67}.Debug|x86.Build.0 = Debug|Any CPU
		{E19299E9-969D-4E15-BA4E-DBD7CAA01C67}.Release|Any CPU.ActiveCfg = Release|Any CPU
		{E19299E9-969D-4E15-BA4E-DBD7CAA01C67}.Release|Any CPU.Build.0 = Release|Any CPU
		{E19299E9-969D-4E15-BA4E-DBD7CAA01C67}.Release|ARM.ActiveCfg = Release|Any CPU
		{E19299E9-969D-4E15-BA4E-DBD7CAA01C67}.Release|ARM.Build.0 = Release|Any CPU
		{E19299E9-969D-4E15-BA4E-DBD7CAA01C67}.Release|iPhone.ActiveCfg = Release|Any CPU
		{E19299E9-969D-4E15-BA4E-DBD7CAA01C67}.Release|iPhone.Build.0 = Release|Any CPU
		{E19299E9-969D-4E15-BA4E-DBD7CAA01C67}.Release|iPhoneSimulator.ActiveCfg = Release|Any CPU
		{E19299E9-969D-4E15-BA4E-DBD7CAA01C67}.Release|iPhoneSimulator.Build.0 = Release|Any CPU
		{E19299E9-969D-4E15-BA4E-DBD7CAA01C67}.Release|x64.ActiveCfg = Release|Any CPU
		{E19299E9-969D-4E15-BA4E-DBD7CAA01C67}.Release|x64.Build.0 = Release|Any CPU
		{E19299E9-969D-4E15-BA4E-DBD7CAA01C67}.Release|x86.ActiveCfg = Release|Any CPU
		{E19299E9-969D-4E15-BA4E-DBD7CAA01C67}.Release|x86.Build.0 = Release|Any CPU
		{E35C9DD8-F996-4C64-832C-DBFC5B503D04}.Ad-Hoc|Any CPU.ActiveCfg = Ad-Hoc|iPhone
		{E35C9DD8-F996-4C64-832C-DBFC5B503D04}.Ad-Hoc|ARM.ActiveCfg = Ad-Hoc|iPhone
		{E35C9DD8-F996-4C64-832C-DBFC5B503D04}.Ad-Hoc|iPhone.ActiveCfg = Ad-Hoc|iPhone
		{E35C9DD8-F996-4C64-832C-DBFC5B503D04}.Ad-Hoc|iPhone.Build.0 = Ad-Hoc|iPhone
		{E35C9DD8-F996-4C64-832C-DBFC5B503D04}.Ad-Hoc|iPhoneSimulator.ActiveCfg = Ad-Hoc|iPhoneSimulator
		{E35C9DD8-F996-4C64-832C-DBFC5B503D04}.Ad-Hoc|iPhoneSimulator.Build.0 = Ad-Hoc|iPhoneSimulator
		{E35C9DD8-F996-4C64-832C-DBFC5B503D04}.Ad-Hoc|x64.ActiveCfg = Ad-Hoc|iPhone
		{E35C9DD8-F996-4C64-832C-DBFC5B503D04}.Ad-Hoc|x86.ActiveCfg = Ad-Hoc|iPhone
		{E35C9DD8-F996-4C64-832C-DBFC5B503D04}.AppStore|Any CPU.ActiveCfg = AppStore|iPhone
		{E35C9DD8-F996-4C64-832C-DBFC5B503D04}.AppStore|ARM.ActiveCfg = AppStore|iPhone
		{E35C9DD8-F996-4C64-832C-DBFC5B503D04}.AppStore|iPhone.ActiveCfg = AppStore|iPhone
		{E35C9DD8-F996-4C64-832C-DBFC5B503D04}.AppStore|iPhone.Build.0 = AppStore|iPhone
		{E35C9DD8-F996-4C64-832C-DBFC5B503D04}.AppStore|iPhoneSimulator.ActiveCfg = AppStore|iPhoneSimulator
		{E35C9DD8-F996-4C64-832C-DBFC5B503D04}.AppStore|iPhoneSimulator.Build.0 = AppStore|iPhoneSimulator
		{E35C9DD8-F996-4C64-832C-DBFC5B503D04}.AppStore|x64.ActiveCfg = AppStore|iPhone
		{E35C9DD8-F996-4C64-832C-DBFC5B503D04}.AppStore|x86.ActiveCfg = AppStore|iPhone
		{E35C9DD8-F996-4C64-832C-DBFC5B503D04}.Debug|Any CPU.ActiveCfg = Debug|iPhone
		{E35C9DD8-F996-4C64-832C-DBFC5B503D04}.Debug|ARM.ActiveCfg = Debug|iPhone
		{E35C9DD8-F996-4C64-832C-DBFC5B503D04}.Debug|iPhone.ActiveCfg = Debug|iPhone
		{E35C9DD8-F996-4C64-832C-DBFC5B503D04}.Debug|iPhone.Build.0 = Debug|iPhone
		{E35C9DD8-F996-4C64-832C-DBFC5B503D04}.Debug|iPhoneSimulator.ActiveCfg = Debug|iPhoneSimulator
		{E35C9DD8-F996-4C64-832C-DBFC5B503D04}.Debug|iPhoneSimulator.Build.0 = Debug|iPhoneSimulator
		{E35C9DD8-F996-4C64-832C-DBFC5B503D04}.Debug|x64.ActiveCfg = Debug|iPhone
		{E35C9DD8-F996-4C64-832C-DBFC5B503D04}.Debug|x86.ActiveCfg = Debug|iPhone
		{E35C9DD8-F996-4C64-832C-DBFC5B503D04}.Release|Any CPU.ActiveCfg = Release|iPhone
		{E35C9DD8-F996-4C64-832C-DBFC5B503D04}.Release|ARM.ActiveCfg = Release|iPhone
		{E35C9DD8-F996-4C64-832C-DBFC5B503D04}.Release|iPhone.ActiveCfg = Release|iPhone
		{E35C9DD8-F996-4C64-832C-DBFC5B503D04}.Release|iPhone.Build.0 = Release|iPhone
		{E35C9DD8-F996-4C64-832C-DBFC5B503D04}.Release|iPhoneSimulator.ActiveCfg = Release|iPhoneSimulator
		{E35C9DD8-F996-4C64-832C-DBFC5B503D04}.Release|iPhoneSimulator.Build.0 = Release|iPhoneSimulator
		{E35C9DD8-F996-4C64-832C-DBFC5B503D04}.Release|x64.ActiveCfg = Release|iPhone
		{E35C9DD8-F996-4C64-832C-DBFC5B503D04}.Release|x86.ActiveCfg = Release|iPhone
		{5E938EE3-DECA-404B-A40F-1B85E819E6D0}.Ad-Hoc|Any CPU.ActiveCfg = Release|Any CPU
		{5E938EE3-DECA-404B-A40F-1B85E819E6D0}.Ad-Hoc|Any CPU.Build.0 = Release|Any CPU
		{5E938EE3-DECA-404B-A40F-1B85E819E6D0}.Ad-Hoc|ARM.ActiveCfg = Release|Any CPU
		{5E938EE3-DECA-404B-A40F-1B85E819E6D0}.Ad-Hoc|ARM.Build.0 = Release|Any CPU
		{5E938EE3-DECA-404B-A40F-1B85E819E6D0}.Ad-Hoc|iPhone.ActiveCfg = Release|Any CPU
		{5E938EE3-DECA-404B-A40F-1B85E819E6D0}.Ad-Hoc|iPhone.Build.0 = Release|Any CPU
		{5E938EE3-DECA-404B-A40F-1B85E819E6D0}.Ad-Hoc|iPhoneSimulator.ActiveCfg = Release|Any CPU
		{5E938EE3-DECA-404B-A40F-1B85E819E6D0}.Ad-Hoc|iPhoneSimulator.Build.0 = Release|Any CPU
		{5E938EE3-DECA-404B-A40F-1B85E819E6D0}.Ad-Hoc|x64.ActiveCfg = Release|Any CPU
		{5E938EE3-DECA-404B-A40F-1B85E819E6D0}.Ad-Hoc|x64.Build.0 = Release|Any CPU
		{5E938EE3-DECA-404B-A40F-1B85E819E6D0}.Ad-Hoc|x86.ActiveCfg = Release|Any CPU
		{5E938EE3-DECA-404B-A40F-1B85E819E6D0}.Ad-Hoc|x86.Build.0 = Release|Any CPU
		{5E938EE3-DECA-404B-A40F-1B85E819E6D0}.AppStore|Any CPU.ActiveCfg = Release|Any CPU
		{5E938EE3-DECA-404B-A40F-1B85E819E6D0}.AppStore|Any CPU.Build.0 = Release|Any CPU
		{5E938EE3-DECA-404B-A40F-1B85E819E6D0}.AppStore|ARM.ActiveCfg = Release|Any CPU
		{5E938EE3-DECA-404B-A40F-1B85E819E6D0}.AppStore|ARM.Build.0 = Release|Any CPU
		{5E938EE3-DECA-404B-A40F-1B85E819E6D0}.AppStore|iPhone.ActiveCfg = Release|Any CPU
		{5E938EE3-DECA-404B-A40F-1B85E819E6D0}.AppStore|iPhone.Build.0 = Release|Any CPU
		{5E938EE3-DECA-404B-A40F-1B85E819E6D0}.AppStore|iPhoneSimulator.ActiveCfg = Release|Any CPU
		{5E938EE3-DECA-404B-A40F-1B85E819E6D0}.AppStore|iPhoneSimulator.Build.0 = Release|Any CPU
		{5E938EE3-DECA-404B-A40F-1B85E819E6D0}.AppStore|x64.ActiveCfg = Release|Any CPU
		{5E938EE3-DECA-404B-A40F-1B85E819E6D0}.AppStore|x64.Build.0 = Release|Any CPU
		{5E938EE3-DECA-404B-A40F-1B85E819E6D0}.AppStore|x86.ActiveCfg = Release|Any CPU
		{5E938EE3-DECA-404B-A40F-1B85E819E6D0}.AppStore|x86.Build.0 = Release|Any CPU
		{5E938EE3-DECA-404B-A40F-1B85E819E6D0}.Debug|Any CPU.ActiveCfg = Debug|Any CPU
		{5E938EE3-DECA-404B-A40F-1B85E819E6D0}.Debug|Any CPU.Build.0 = Debug|Any CPU
		{5E938EE3-DECA-404B-A40F-1B85E819E6D0}.Debug|ARM.ActiveCfg = Debug|Any CPU
		{5E938EE3-DECA-404B-A40F-1B85E819E6D0}.Debug|ARM.Build.0 = Debug|Any CPU
		{5E938EE3-DECA-404B-A40F-1B85E819E6D0}.Debug|iPhone.ActiveCfg = Debug|Any CPU
		{5E938EE3-DECA-404B-A40F-1B85E819E6D0}.Debug|iPhone.Build.0 = Debug|Any CPU
		{5E938EE3-DECA-404B-A40F-1B85E819E6D0}.Debug|iPhoneSimulator.ActiveCfg = Debug|Any CPU
		{5E938EE3-DECA-404B-A40F-1B85E819E6D0}.Debug|iPhoneSimulator.Build.0 = Debug|Any CPU
		{5E938EE3-DECA-404B-A40F-1B85E819E6D0}.Debug|x64.ActiveCfg = Debug|Any CPU
		{5E938EE3-DECA-404B-A40F-1B85E819E6D0}.Debug|x64.Build.0 = Debug|Any CPU
		{5E938EE3-DECA-404B-A40F-1B85E819E6D0}.Debug|x86.ActiveCfg = Debug|Any CPU
		{5E938EE3-DECA-404B-A40F-1B85E819E6D0}.Debug|x86.Build.0 = Debug|Any CPU
		{5E938EE3-DECA-404B-A40F-1B85E819E6D0}.Release|Any CPU.ActiveCfg = Release|Any CPU
		{5E938EE3-DECA-404B-A40F-1B85E819E6D0}.Release|Any CPU.Build.0 = Release|Any CPU
		{5E938EE3-DECA-404B-A40F-1B85E819E6D0}.Release|ARM.ActiveCfg = Release|Any CPU
		{5E938EE3-DECA-404B-A40F-1B85E819E6D0}.Release|ARM.Build.0 = Release|Any CPU
		{5E938EE3-DECA-404B-A40F-1B85E819E6D0}.Release|iPhone.ActiveCfg = Release|Any CPU
		{5E938EE3-DECA-404B-A40F-1B85E819E6D0}.Release|iPhone.Build.0 = Release|Any CPU
		{5E938EE3-DECA-404B-A40F-1B85E819E6D0}.Release|iPhoneSimulator.ActiveCfg = Release|Any CPU
		{5E938EE3-DECA-404B-A40F-1B85E819E6D0}.Release|iPhoneSimulator.Build.0 = Release|Any CPU
		{5E938EE3-DECA-404B-A40F-1B85E819E6D0}.Release|x64.ActiveCfg = Release|Any CPU
		{5E938EE3-DECA-404B-A40F-1B85E819E6D0}.Release|x64.Build.0 = Release|Any CPU
		{5E938EE3-DECA-404B-A40F-1B85E819E6D0}.Release|x86.ActiveCfg = Release|Any CPU
		{5E938EE3-DECA-404B-A40F-1B85E819E6D0}.Release|x86.Build.0 = Release|Any CPU
	EndGlobalSection
	GlobalSection(SolutionProperties) = preSolution
		HideSolutionNode = FALSE
	EndGlobalSection
EndGlobal
